// !$*UTF8*$!
{
	archiveVersion = 1;
	classes = {
	};
	objectVersion = 77;
	objects = {

/* Begin PBXBuildFile section */
		E8F671CB2CD5E5AB00E26938 /* todo.md in Resources */ = {isa = PBXBuildFile; fileRef = E8F671CA2CD5E5A500E26938 /* todo.md */; };
/* End PBXBuildFile section */

/* Begin PBXContainerItemProxy section */
		E8F433E02CD56C13002319FE /* PBXContainerItemProxy */ = {
			isa = PBXContainerItemProxy;
			containerPortal = E8F433C72CD56C12002319FE /* Project object */;
			proxyType = 1;
			remoteGlobalIDString = E8F433CE2CD56C12002319FE;
			remoteInfo = UniPlan;
		};
		E8F433EA2CD56C13002319FE /* PBXContainerItemProxy */ = {
			isa = PBXContainerItemProxy;
			containerPortal = E8F433C72CD56C12002319FE /* Project object */;
			proxyType = 1;
			remoteGlobalIDString = E8F433CE2CD56C12002319FE;
			remoteInfo = UniPlan;
		};
/* End PBXContainerItemProxy section */

/* Begin PBXFileReference section */
		E8F433CF2CD56C12002319FE /* UniPlan.app */ = {isa = PBXFileReference; explicitFileType = wrapper.application; includeInIndex = 0; path = UniPlan.app; sourceTree = BUILT_PRODUCTS_DIR; };
		E8F433DF2CD56C13002319FE /* UniPlanTests.xctest */ = {isa = PBXFileReference; explicitFileType = wrapper.cfbundle; includeInIndex = 0; path = UniPlanTests.xctest; sourceTree = BUILT_PRODUCTS_DIR; };
		E8F433E92CD56C13002319FE /* UniPlanUITests.xctest */ = {isa = PBXFileReference; explicitFileType = wrapper.cfbundle; includeInIndex = 0; path = UniPlanUITests.xctest; sourceTree = BUILT_PRODUCTS_DIR; };
		E8F671CA2CD5E5A500E26938 /* todo.md */ = {isa = PBXFileReference; lastKnownFileType = net.daringfireball.markdown; path = todo.md; sourceTree = "<group>"; };
/* End PBXFileReference section */

/* Begin PBXFileSystemSynchronizedRootGroup section */
		E8F433D12CD56C12002319FE /* UniPlan */ = {
			isa = PBXFileSystemSynchronizedRootGroup;
			path = UniPlan;
			sourceTree = "<group>";
		};
		E8F433E22CD56C13002319FE /* UniPlanTests */ = {
			isa = PBXFileSystemSynchronizedRootGroup;
			path = UniPlanTests;
			sourceTree = "<group>";
		};
		E8F433EC2CD56C13002319FE /* UniPlanUITests */ = {
			isa = PBXFileSystemSynchronizedRootGroup;
			path = UniPlanUITests;
			sourceTree = "<group>";
		};
/* End PBXFileSystemSynchronizedRootGroup section */

/* Begin PBXFrameworksBuildPhase section */
		E8F433CC2CD56C12002319FE /* Frameworks */ = {
			isa = PBXFrameworksBuildPhase;
			buildActionMask = 2147483647;
			files = (
			);
			runOnlyForDeploymentPostprocessing = 0;
		};
		E8F433DC2CD56C13002319FE /* Frameworks */ = {
			isa = PBXFrameworksBuildPhase;
			buildActionMask = 2147483647;
			files = (
			);
			runOnlyForDeploymentPostprocessing = 0;
		};
		E8F433E62CD56C13002319FE /* Frameworks */ = {
			isa = PBXFrameworksBuildPhase;
			buildActionMask = 2147483647;
			files = (
			);
			runOnlyForDeploymentPostprocessing = 0;
		};
/* End PBXFrameworksBuildPhase section */

/* Begin PBXGroup section */
		E8F433C62CD56C12002319FE = {
			isa = PBXGroup;
			children = (
				E8F671CA2CD5E5A500E26938 /* todo.md */,
				E8F433D12CD56C12002319FE /* UniPlan */,
				E8F433E22CD56C13002319FE /* UniPlanTests */,
				E8F433EC2CD56C13002319FE /* UniPlanUITests */,
				E8F433D02CD56C12002319FE /* Products */,
			);
			sourceTree = "<group>";
		};
		E8F433D02CD56C12002319FE /* Products */ = {
			isa = PBXGroup;
			children = (
				E8F433CF2CD56C12002319FE /* UniPlan.app */,
				E8F433DF2CD56C13002319FE /* UniPlanTests.xctest */,
				E8F433E92CD56C13002319FE /* UniPlanUITests.xctest */,
			);
			name = Products;
			sourceTree = "<group>";
		};
/* End PBXGroup section */

/* Begin PBXNativeTarget section */
		E8F433CE2CD56C12002319FE /* UniPlan */ = {
			isa = PBXNativeTarget;
			buildConfigurationList = E8F433F32CD56C13002319FE /* Build configuration list for PBXNativeTarget "UniPlan" */;
			buildPhases = (
				E8F433CB2CD56C12002319FE /* Sources */,
				E8F433CC2CD56C12002319FE /* Frameworks */,
				E8F433CD2CD56C12002319FE /* Resources */,
			);
			buildRules = (
			);
			dependencies = (
			);
			fileSystemSynchronizedGroups = (
				E8F433D12CD56C12002319FE /* UniPlan */,
			);
			name = UniPlan;
			packageProductDependencies = (
			);
			productName = UniPlan;
			productReference = E8F433CF2CD56C12002319FE /* UniPlan.app */;
			productType = "com.apple.product-type.application";
		};
		E8F433DE2CD56C13002319FE /* UniPlanTests */ = {
			isa = PBXNativeTarget;
			buildConfigurationList = E8F433F62CD56C13002319FE /* Build configuration list for PBXNativeTarget "UniPlanTests" */;
			buildPhases = (
				E8F433DB2CD56C13002319FE /* Sources */,
				E8F433DC2CD56C13002319FE /* Frameworks */,
				E8F433DD2CD56C13002319FE /* Resources */,
			);
			buildRules = (
			);
			dependencies = (
				E8F433E12CD56C13002319FE /* PBXTargetDependency */,
			);
			fileSystemSynchronizedGroups = (
				E8F433E22CD56C13002319FE /* UniPlanTests */,
			);
			name = UniPlanTests;
			packageProductDependencies = (
			);
			productName = UniPlanTests;
			productReference = E8F433DF2CD56C13002319FE /* UniPlanTests.xctest */;
			productType = "com.apple.product-type.bundle.unit-test";
		};
		E8F433E82CD56C13002319FE /* UniPlanUITests */ = {
			isa = PBXNativeTarget;
			buildConfigurationList = E8F433F92CD56C13002319FE /* Build configuration list for PBXNativeTarget "UniPlanUITests" */;
			buildPhases = (
				E8F433E52CD56C13002319FE /* Sources */,
				E8F433E62CD56C13002319FE /* Frameworks */,
				E8F433E72CD56C13002319FE /* Resources */,
			);
			buildRules = (
			);
			dependencies = (
				E8F433EB2CD56C13002319FE /* PBXTargetDependency */,
			);
			fileSystemSynchronizedGroups = (
				E8F433EC2CD56C13002319FE /* UniPlanUITests */,
			);
			name = UniPlanUITests;
			packageProductDependencies = (
			);
			productName = UniPlanUITests;
			productReference = E8F433E92CD56C13002319FE /* UniPlanUITests.xctest */;
			productType = "com.apple.product-type.bundle.ui-testing";
		};
/* End PBXNativeTarget section */

/* Begin PBXProject section */
		E8F433C72CD56C12002319FE /* Project object */ = {
			isa = PBXProject;
			attributes = {
				BuildIndependentTargetsInParallel = 1;
				LastSwiftUpdateCheck = 1600;
				LastUpgradeCheck = 1600;
				TargetAttributes = {
					E8F433CE2CD56C12002319FE = {
						CreatedOnToolsVersion = 16.0;
					};
					E8F433DE2CD56C13002319FE = {
						CreatedOnToolsVersion = 16.0;
						TestTargetID = E8F433CE2CD56C12002319FE;
					};
					E8F433E82CD56C13002319FE = {
						CreatedOnToolsVersion = 16.0;
						TestTargetID = E8F433CE2CD56C12002319FE;
					};
				};
			};
			buildConfigurationList = E8F433CA2CD56C12002319FE /* Build configuration list for PBXProject "UniPlan" */;
			developmentRegion = en;
			hasScannedForEncodings = 0;
			knownRegions = (
				en,
				Base,
			);
			mainGroup = E8F433C62CD56C12002319FE;
			minimizedProjectReferenceProxies = 1;
			packageReferences = (
				E8F433FF2CD5BE3C002319FE /* XCRemoteSwiftPackageReference "supabase-swift" */,
			);
			preferredProjectObjectVersion = 77;
			productRefGroup = E8F433D02CD56C12002319FE /* Products */;
			projectDirPath = "";
			projectRoot = "";
			targets = (
				E8F433CE2CD56C12002319FE /* UniPlan */,
				E8F433DE2CD56C13002319FE /* UniPlanTests */,
				E8F433E82CD56C13002319FE /* UniPlanUITests */,
			);
		};
/* End PBXProject section */

/* Begin PBXResourcesBuildPhase section */
		E8F433CD2CD56C12002319FE /* Resources */ = {
			isa = PBXResourcesBuildPhase;
			buildActionMask = 2147483647;
			files = (
				E8F671CB2CD5E5AB00E26938 /* todo.md in Resources */,
			);
			runOnlyForDeploymentPostprocessing = 0;
		};
		E8F433DD2CD56C13002319FE /* Resources */ = {
			isa = PBXResourcesBuildPhase;
			buildActionMask = 2147483647;
			files = (
			);
			runOnlyForDeploymentPostprocessing = 0;
		};
		E8F433E72CD56C13002319FE /* Resources */ = {
			isa = PBXResourcesBuildPhase;
			buildActionMask = 2147483647;
			files = (
			);
			runOnlyForDeploymentPostprocessing = 0;
		};
/* End PBXResourcesBuildPhase section */

/* Begin PBXSourcesBuildPhase section */
		E8F433CB2CD56C12002319FE /* Sources */ = {
			isa = PBXSourcesBuildPhase;
			buildActionMask = 2147483647;
			files = (
			);
			runOnlyForDeploymentPostprocessing = 0;
		};
		E8F433DB2CD56C13002319FE /* Sources */ = {
			isa = PBXSourcesBuildPhase;
			buildActionMask = 2147483647;
			files = (
			);
			runOnlyForDeploymentPostprocessing = 0;
		};
		E8F433E52CD56C13002319FE /* Sources */ = {
			isa = PBXSourcesBuildPhase;
			buildActionMask = 2147483647;
			files = (
			);
			runOnlyForDeploymentPostprocessing = 0;
		};
/* End PBXSourcesBuildPhase section */

/* Begin PBXTargetDependency section */
		E8F433E12CD56C13002319FE /* PBXTargetDependency */ = {
			isa = PBXTargetDependency;
			target = E8F433CE2CD56C12002319FE /* UniPlan */;
			targetProxy = E8F433E02CD56C13002319FE /* PBXContainerItemProxy */;
		};
		E8F433EB2CD56C13002319FE /* PBXTargetDependency */ = {
			isa = PBXTargetDependency;
			target = E8F433CE2CD56C12002319FE /* UniPlan */;
			targetProxy = E8F433EA2CD56C13002319FE /* PBXContainerItemProxy */;
		};
/* End PBXTargetDependency section */

/* Begin XCBuildConfiguration section */
		E8F433F12CD56C13002319FE /* Debug */ = {
			isa = XCBuildConfiguration;
			buildSettings = {
				ALWAYS_SEARCH_USER_PATHS = NO;
				ASSETCATALOG_COMPILER_GENERATE_SWIFT_ASSET_SYMBOL_EXTENSIONS = YES;
				CLANG_ANALYZER_NONNULL = YES;
				CLANG_ANALYZER_NUMBER_OBJECT_CONVERSION = YES_AGGRESSIVE;
				CLANG_CXX_LANGUAGE_STANDARD = "gnu++20";
				CLANG_ENABLE_MODULES = YES;
				CLANG_ENABLE_OBJC_ARC = YES;
				CLANG_ENABLE_OBJC_WEAK = YES;
				CLANG_WARN_BLOCK_CAPTURE_AUTORELEASING = YES;
				CLANG_WARN_BOOL_CONVERSION = YES;
				CLANG_WARN_COMMA = YES;
				CLANG_WARN_CONSTANT_CONVERSION = YES;
				CLANG_WARN_DEPRECATED_OBJC_IMPLEMENTATIONS = YES;
				CLANG_WARN_DIRECT_OBJC_ISA_USAGE = YES_ERROR;
				CLANG_WARN_DOCUMENTATION_COMMENTS = YES;
				CLANG_WARN_EMPTY_BODY = YES;
				CLANG_WARN_ENUM_CONVERSION = YES;
				CLANG_WARN_INFINITE_RECURSION = YES;
				CLANG_WARN_INT_CONVERSION = YES;
				CLANG_WARN_NON_LITERAL_NULL_CONVERSION = YES;
				CLANG_WARN_OBJC_IMPLICIT_RETAIN_SELF = YES;
				CLANG_WARN_OBJC_LITERAL_CONVERSION = YES;
				CLANG_WARN_OBJC_ROOT_CLASS = YES_ERROR;
				CLANG_WARN_QUOTED_INCLUDE_IN_FRAMEWORK_HEADER = YES;
				CLANG_WARN_RANGE_LOOP_ANALYSIS = YES;
				CLANG_WARN_STRICT_PROTOTYPES = YES;
				CLANG_WARN_SUSPICIOUS_MOVE = YES;
				CLANG_WARN_UNGUARDED_AVAILABILITY = YES_AGGRESSIVE;
				CLANG_WARN_UNREACHABLE_CODE = YES;
				CLANG_WARN__DUPLICATE_METHOD_MATCH = YES;
				COPY_PHASE_STRIP = NO;
				DEBUG_INFORMATION_FORMAT = dwarf;
				ENABLE_STRICT_OBJC_MSGSEND = YES;
				ENABLE_TESTABILITY = YES;
				ENABLE_USER_SCRIPT_SANDBOXING = YES;
				GCC_C_LANGUAGE_STANDARD = gnu17;
				GCC_DYNAMIC_NO_PIC = NO;
				GCC_NO_COMMON_BLOCKS = YES;
				GCC_OPTIMIZATION_LEVEL = 0;
				GCC_PREPROCESSOR_DEFINITIONS = (
					"DEBUG=1",
					"$(inherited)",
				);
				GCC_WARN_64_TO_32_BIT_CONVERSION = YES;
				GCC_WARN_ABOUT_RETURN_TYPE = YES_ERROR;
				GCC_WARN_UNDECLARED_SELECTOR = YES;
				GCC_WARN_UNINITIALIZED_AUTOS = YES_AGGRESSIVE;
				GCC_WARN_UNUSED_FUNCTION = YES;
				GCC_WARN_UNUSED_VARIABLE = YES;
				IPHONEOS_DEPLOYMENT_TARGET = 18.0;
				LOCALIZATION_PREFERS_STRING_CATALOGS = YES;
				MTL_ENABLE_DEBUG_INFO = INCLUDE_SOURCE;
				MTL_FAST_MATH = YES;
				ONLY_ACTIVE_ARCH = YES;
				SDKROOT = iphoneos;
				SWIFT_ACTIVE_COMPILATION_CONDITIONS = "DEBUG $(inherited)";
				SWIFT_OPTIMIZATION_LEVEL = "-Onone";
			};
			name = Debug;
		};
		E8F433F22CD56C13002319FE /* Release */ = {
			isa = XCBuildConfiguration;
			buildSettings = {
				ALWAYS_SEARCH_USER_PATHS = NO;
				ASSETCATALOG_COMPILER_GENERATE_SWIFT_ASSET_SYMBOL_EXTENSIONS = YES;
				CLANG_ANALYZER_NONNULL = YES;
				CLANG_ANALYZER_NUMBER_OBJECT_CONVERSION = YES_AGGRESSIVE;
				CLANG_CXX_LANGUAGE_STANDARD = "gnu++20";
				CLANG_ENABLE_MODULES = YES;
				CLANG_ENABLE_OBJC_ARC = YES;
				CLANG_ENABLE_OBJC_WEAK = YES;
				CLANG_WARN_BLOCK_CAPTURE_AUTORELEASING = YES;
				CLANG_WARN_BOOL_CONVERSION = YES;
				CLANG_WARN_COMMA = YES;
				CLANG_WARN_CONSTANT_CONVERSION = YES;
				CLANG_WARN_DEPRECATED_OBJC_IMPLEMENTATIONS = YES;
				CLANG_WARN_DIRECT_OBJC_ISA_USAGE = YES_ERROR;
				CLANG_WARN_DOCUMENTATION_COMMENTS = YES;
				CLANG_WARN_EMPTY_BODY = YES;
				CLANG_WARN_ENUM_CONVERSION = YES;
				CLANG_WARN_INFINITE_RECURSION = YES;
				CLANG_WARN_INT_CONVERSION = YES;
				CLANG_WARN_NON_LITERAL_NULL_CONVERSION = YES;
				CLANG_WARN_OBJC_IMPLICIT_RETAIN_SELF = YES;
				CLANG_WARN_OBJC_LITERAL_CONVERSION = YES;
				CLANG_WARN_OBJC_ROOT_CLASS = YES_ERROR;
				CLANG_WARN_QUOTED_INCLUDE_IN_FRAMEWORK_HEADER = YES;
				CLANG_WARN_RANGE_LOOP_ANALYSIS = YES;
				CLANG_WARN_STRICT_PROTOTYPES = YES;
				CLANG_WARN_SUSPICIOUS_MOVE = YES;
				CLANG_WARN_UNGUARDED_AVAILABILITY = YES_AGGRESSIVE;
				CLANG_WARN_UNREACHABLE_CODE = YES;
				CLANG_WARN__DUPLICATE_METHOD_MATCH = YES;
				COPY_PHASE_STRIP = NO;
				DEBUG_INFORMATION_FORMAT = "dwarf-with-dsym";
				ENABLE_NS_ASSERTIONS = NO;
				ENABLE_STRICT_OBJC_MSGSEND = YES;
				ENABLE_USER_SCRIPT_SANDBOXING = YES;
				GCC_C_LANGUAGE_STANDARD = gnu17;
				GCC_NO_COMMON_BLOCKS = YES;
				GCC_WARN_64_TO_32_BIT_CONVERSION = YES;
				GCC_WARN_ABOUT_RETURN_TYPE = YES_ERROR;
				GCC_WARN_UNDECLARED_SELECTOR = YES;
				GCC_WARN_UNINITIALIZED_AUTOS = YES_AGGRESSIVE;
				GCC_WARN_UNUSED_FUNCTION = YES;
				GCC_WARN_UNUSED_VARIABLE = YES;
				IPHONEOS_DEPLOYMENT_TARGET = 18.0;
				LOCALIZATION_PREFERS_STRING_CATALOGS = YES;
				MTL_ENABLE_DEBUG_INFO = NO;
				MTL_FAST_MATH = YES;
				SDKROOT = iphoneos;
				SWIFT_COMPILATION_MODE = wholemodule;
				VALIDATE_PRODUCT = YES;
			};
			name = Release;
		};
		E8F433F42CD56C13002319FE /* Debug */ = {
			isa = XCBuildConfiguration;
			buildSettings = {
				ASSETCATALOG_COMPILER_APPICON_NAME = AppIcon;
				ASSETCATALOG_COMPILER_GLOBAL_ACCENT_COLOR_NAME = AccentColor;
				CODE_SIGN_STYLE = Automatic;
				CURRENT_PROJECT_VERSION = 1;
				DEVELOPMENT_ASSET_PATHS = "\"UniPlan/Preview Content\"";
				ENABLE_PREVIEWS = YES;
				GENERATE_INFOPLIST_FILE = YES;
				INFOPLIST_KEY_UIApplicationSceneManifest_Generation = YES;
				INFOPLIST_KEY_UIApplicationSupportsIndirectInputEvents = YES;
				INFOPLIST_KEY_UILaunchScreen_Generation = YES;
				INFOPLIST_KEY_UISupportedInterfaceOrientations_iPad = "UIInterfaceOrientationPortrait UIInterfaceOrientationPortraitUpsideDown UIInterfaceOrientationLandscapeLeft UIInterfaceOrientationLandscapeRight";
				INFOPLIST_KEY_UISupportedInterfaceOrientations_iPhone = "UIInterfaceOrientationPortrait UIInterfaceOrientationLandscapeLeft UIInterfaceOrientationLandscapeRight";
				LD_RUNPATH_SEARCH_PATHS = (
					"$(inherited)",
					"@executable_path/Frameworks",
				);
				MARKETING_VERSION = 1.0;
				PRODUCT_BUNDLE_IDENTIFIER = noidentifier.UniPlan;
				PRODUCT_NAME = "$(TARGET_NAME)";
				SWIFT_EMIT_LOC_STRINGS = YES;
				SWIFT_VERSION = 5.0;
				TARGETED_DEVICE_FAMILY = "1,2";
			};
			name = Debug;
		};
		E8F433F52CD56C13002319FE /* Release */ = {
			isa = XCBuildConfiguration;
			buildSettings = {
				ASSETCATALOG_COMPILER_APPICON_NAME = AppIcon;
				ASSETCATALOG_COMPILER_GLOBAL_ACCENT_COLOR_NAME = AccentColor;
				CODE_SIGN_STYLE = Automatic;
				CURRENT_PROJECT_VERSION = 1;
				DEVELOPMENT_ASSET_PATHS = "\"UniPlan/Preview Content\"";
				ENABLE_PREVIEWS = YES;
				GENERATE_INFOPLIST_FILE = YES;
				INFOPLIST_KEY_UIApplicationSceneManifest_Generation = YES;
				INFOPLIST_KEY_UIApplicationSupportsIndirectInputEvents = YES;
				INFOPLIST_KEY_UILaunchScreen_Generation = YES;
				INFOPLIST_KEY_UISupportedInterfaceOrientations_iPad = "UIInterfaceOrientationPortrait UIInterfaceOrientationPortraitUpsideDown UIInterfaceOrientationLandscapeLeft UIInterfaceOrientationLandscapeRight";
				INFOPLIST_KEY_UISupportedInterfaceOrientations_iPhone = "UIInterfaceOrientationPortrait UIInterfaceOrientationLandscapeLeft UIInterfaceOrientationLandscapeRight";
				LD_RUNPATH_SEARCH_PATHS = (
					"$(inherited)",
					"@executable_path/Frameworks",
				);
				MARKETING_VERSION = 1.0;
				PRODUCT_BUNDLE_IDENTIFIER = noidentifier.UniPlan;
				PRODUCT_NAME = "$(TARGET_NAME)";
				SWIFT_EMIT_LOC_STRINGS = YES;
				SWIFT_VERSION = 5.0;
				TARGETED_DEVICE_FAMILY = "1,2";
			};
			name = Release;
		};
		E8F433F72CD56C13002319FE /* Debug */ = {
			isa = XCBuildConfiguration;
			buildSettings = {
				BUNDLE_LOADER = "$(TEST_HOST)";
				CODE_SIGN_STYLE = Automatic;
				CURRENT_PROJECT_VERSION = 1;
				GENERATE_INFOPLIST_FILE = YES;
				IPHONEOS_DEPLOYMENT_TARGET = 18.0;
				MARKETING_VERSION = 1.0;
				PRODUCT_BUNDLE_IDENTIFIER = noidentifier.UniPlanTests;
				PRODUCT_NAME = "$(TARGET_NAME)";
				SWIFT_EMIT_LOC_STRINGS = NO;
				SWIFT_VERSION = 5.0;
				TARGETED_DEVICE_FAMILY = "1,2";
				TEST_HOST = "$(BUILT_PRODUCTS_DIR)/UniPlan.app/$(BUNDLE_EXECUTABLE_FOLDER_PATH)/UniPlan";
			};
			name = Debug;
		};
		E8F433F82CD56C13002319FE /* Release */ = {
			isa = XCBuildConfiguration;
			buildSettings = {
				BUNDLE_LOADER = "$(TEST_HOST)";
				CODE_SIGN_STYLE = Automatic;
				CURRENT_PROJECT_VERSION = 1;
				GENERATE_INFOPLIST_FILE = YES;
				IPHONEOS_DEPLOYMENT_TARGET = 18.0;
				MARKETING_VERSION = 1.0;
				PRODUCT_BUNDLE_IDENTIFIER = noidentifier.UniPlanTests;
				PRODUCT_NAME = "$(TARGET_NAME)";
				SWIFT_EMIT_LOC_STRINGS = NO;
				SWIFT_VERSION = 5.0;
				TARGETED_DEVICE_FAMILY = "1,2";
				TEST_HOST = "$(BUILT_PRODUCTS_DIR)/UniPlan.app/$(BUNDLE_EXECUTABLE_FOLDER_PATH)/UniPlan";
			};
			name = Release;
		};
		E8F433FA2CD56C13002319FE /* Debug */ = {
			isa = XCBuildConfiguration;
			buildSettings = {
				CODE_SIGN_STYLE = Automatic;
				CURRENT_PROJECT_VERSION = 1;
				GENERATE_INFOPLIST_FILE = YES;
				MARKETING_VERSION = 1.0;
				PRODUCT_BUNDLE_IDENTIFIER = noidentifier.UniPlanUITests;
				PRODUCT_NAME = "$(TARGET_NAME)";
				SWIFT_EMIT_LOC_STRINGS = NO;
				SWIFT_VERSION = 5.0;
				TARGETED_DEVICE_FAMILY = "1,2";
				TEST_TARGET_NAME = UniPlan;
			};
			name = Debug;
		};
		E8F433FB2CD56C13002319FE /* Release */ = {
			isa = XCBuildConfiguration;
			buildSettings = {
				CODE_SIGN_STYLE = Automatic;
				CURRENT_PROJECT_VERSION = 1;
				GENERATE_INFOPLIST_FILE = YES;
				MARKETING_VERSION = 1.0;
				PRODUCT_BUNDLE_IDENTIFIER = noidentifier.UniPlanUITests;
				PRODUCT_NAME = "$(TARGET_NAME)";
				SWIFT_EMIT_LOC_STRINGS = NO;
				SWIFT_VERSION = 5.0;
				TARGETED_DEVICE_FAMILY = "1,2";
				TEST_TARGET_NAME = UniPlan;
			};
			name = Release;
		};
/* End XCBuildConfiguration section */

/* Begin XCConfigurationList section */
		E8F433CA2CD56C12002319FE /* Build configuration list for PBXProject "UniPlan" */ = {
			isa = XCConfigurationList;
			buildConfigurations = (
				E8F433F12CD56C13002319FE /* Debug */,
				E8F433F22CD56C13002319FE /* Release */,
			);
			defaultConfigurationIsVisible = 0;
			defaultConfigurationName = Release;
		};
		E8F433F32CD56C13002319FE /* Build configuration list for PBXNativeTarget "UniPlan" */ = {
			isa = XCConfigurationList;
			buildConfigurations = (
				E8F433F42CD56C13002319FE /* Debug */,
				E8F433F52CD56C13002319FE /* Release */,
			);
			defaultConfigurationIsVisible = 0;
			defaultConfigurationName = Release;
		};
		E8F433F62CD56C13002319FE /* Build configuration list for PBXNativeTarget "UniPlanTests" */ = {
			isa = XCConfigurationList;
			buildConfigurations = (
				E8F433F72CD56C13002319FE /* Debug */,
				E8F433F82CD56C13002319FE /* Release */,
			);
			defaultConfigurationIsVisible = 0;
			defaultConfigurationName = Release;
		};
		E8F433F92CD56C13002319FE /* Build configuration list for PBXNativeTarget "UniPlanUITests" */ = {
			isa = XCConfigurationList;
			buildConfigurations = (
				E8F433FA2CD56C13002319FE /* Debug */,
				E8F433FB2CD56C13002319FE /* Release */,
			);
			defaultConfigurationIsVisible = 0;
			defaultConfigurationName = Release;
		};
/* End XCConfigurationList section */

/* Begin XCRemoteSwiftPackageReference section */
		E8F433FF2CD5BE3C002319FE /* XCRemoteSwiftPackageReference "supabase-swift" */ = {
			isa = XCRemoteSwiftPackageReference;
			repositoryURL = "https://github.com/supabase/supabase-swift.git";
			requirement = {
				kind = upToNextMajorVersion;
				minimumVersion = 2.0.0;
			};
		};
/* End XCRemoteSwiftPackageReference section */
	};
	rootObject = E8F433C72CD56C12002319FE /* Project object */;
}
